
Microsoft Visual Studio Solution File, Format Version 12.00
# Visual Studio 14
VisualStudioVersion = 14.0.24720.0
MinimumVisualStudioVersion = 10.0.40219.1
Project("{FAE04EC0-301F-11D3-BF4B-00C04F79EFBC}") = "OE-Aotu", "OE-Aotu\OE-Aotu.csproj", "{96E69AC5-E0F6-4690-99EF-6663BB990991}"
EndProject
Global
	GlobalSection(SolutionConfigurationPlatforms) = preSolution
		Debug|Any CPU = Debug|Any CPU
		Debug|x86 = Debug|x86
		Release|Any CPU = Release|Any CPU
		Release|x86 = Release|x86
	EndGlobalSection
	GlobalSection(ProjectConfigurationPlatforms) = postSolution
		{96E69AC5-E0F6-4690-99EF-6663BB990991}.Debug|Any CPU.ActiveCfg = Debug|Any CPU
		{96E69AC5-E0F6-4690-99EF-6663BB990991}.Debug|Any CPU.Build.0 = Debug|Any CPU
		{96E69AC5-E0F6-4690-99EF-6663BB990991}.Debug|x86.ActiveCfg = Debug|x86
		{96E69AC5-E0F6-4690-99EF-6663BB990991}.Debug|x86.Build.0 = Debug|x86
		{96E69AC5-E0F6-4690-99EF-6663BB990991}.Release|Any CPU.ActiveCfg = Release|Any CPU
		{96E69AC5-E0F6-4690-99EF-6663BB990991}.Release|Any CPU.Build.0 = Release|Any CPU
		{96E69AC5-E0F6-4690-99EF-6663BB990991}.Release|x86.ActiveCfg = Release|x86
		{96E69AC5-E0F6-4690-99EF-6663BB990991}.Release|x86.Build.0 = Release|x86
	EndGlobalSection
	GlobalSection(SolutionProperties) = preSolution
		HideSolutionNode = FALSE
	EndGlobalSection
EndGlobal
